
Microsoft Visual Studio Solution File, Format Version 12.00
# Visual Studio 15
VisualStudioVersion = 15.0.27428.2015
MinimumVisualStudioVersion = 10.0.40219.1
Project("{FAE04EC0-301F-11D3-BF4B-00C04F79EFBC}") = "GodelMastery.FleaMarket.Web", "GodelMastery.FleaMarket.Web\GodelMastery.FleaMarket.Web.csproj", "{B6A4C389-AB25-4169-95F1-479B54B9D799}"
EndProject
Project("{FAE04EC0-301F-11D3-BF4B-00C04F79EFBC}") = "GodelMastery.FleaMarket.DAL", "GodelMastery.FleaMarket.DAL\GodelMastery.FleaMarket.DAL.csproj", "{F0E948F2-92AD-4429-803C-DAFD6F361912}"
EndProject
Project("{FAE04EC0-301F-11D3-BF4B-00C04F79EFBC}") = "GodelMastery.FleaMarket.BL", "GodelMastery.FleaMarket.BL\GodelMastery.FleaMarket.BL.csproj", "{9EBB1B6F-5AEB-4B67-909F-6AAB3E6B50A2}"
EndProject
Global
	GlobalSection(SolutionConfigurationPlatforms) = preSolution
		Debug|Any CPU = Debug|Any CPU
		Release|Any CPU = Release|Any CPU
	EndGlobalSection
	GlobalSection(ProjectConfigurationPlatforms) = postSolution
		{B6A4C389-AB25-4169-95F1-479B54B9D799}.Debug|Any CPU.ActiveCfg = Debug|Any CPU
		{B6A4C389-AB25-4169-95F1-479B54B9D799}.Debug|Any CPU.Build.0 = Debug|Any CPU
		{B6A4C389-AB25-4169-95F1-479B54B9D799}.Release|Any CPU.ActiveCfg = Release|Any CPU
		{B6A4C389-AB25-4169-95F1-479B54B9D799}.Release|Any CPU.Build.0 = Release|Any CPU
		{F0E948F2-92AD-4429-803C-DAFD6F361912}.Debug|Any CPU.ActiveCfg = Debug|Any CPU
		{F0E948F2-92AD-4429-803C-DAFD6F361912}.Debug|Any CPU.Build.0 = Debug|Any CPU
		{F0E948F2-92AD-4429-803C-DAFD6F361912}.Release|Any CPU.ActiveCfg = Release|Any CPU
		{F0E948F2-92AD-4429-803C-DAFD6F361912}.Release|Any CPU.Build.0 = Release|Any CPU
		{9EBB1B6F-5AEB-4B67-909F-6AAB3E6B50A2}.Debug|Any CPU.ActiveCfg = Debug|Any CPU
		{9EBB1B6F-5AEB-4B67-909F-6AAB3E6B50A2}.Debug|Any CPU.Build.0 = Debug|Any CPU
		{9EBB1B6F-5AEB-4B67-909F-6AAB3E6B50A2}.Release|Any CPU.ActiveCfg = Release|Any CPU
		{9EBB1B6F-5AEB-4B67-909F-6AAB3E6B50A2}.Release|Any CPU.Build.0 = Release|Any CPU
	EndGlobalSection
	GlobalSection(SolutionProperties) = preSolution
		HideSolutionNode = FALSE
	EndGlobalSection
	GlobalSection(ExtensibilityGlobals) = postSolution
		SolutionGuid = {8A1AE7B9-E27D-4D3C-9F75-4ADB0E77AF43}
	EndGlobalSection
EndGlobal
